uuid: 32a48f5b-2bb7-4e4d-85f8-71cdb7f0d6d9
langcode: en
status: true
dependencies:
  content:
    - 'block_content:mt_video_gallery_block:06367e41-b90b-4fdc-8dac-d2f2de5da572'
  module:
    - block_content
    - system
  theme:
    - conferenceplus
id: videogalleryblock
theme: conferenceplus
region: banner
weight: -57
provider: null
plugin: 'block_content:06367e41-b90b-4fdc-8dac-d2f2de5da572'
settings:
  id: 'block_content:06367e41-b90b-4fdc-8dac-d2f2de5da572'
  label: 'Video Gallery block'
  provider: block_content
  label_display: '0'
  status: true
  info: ''
  view_mode: full
visibility:
  request_path:
    id: request_path
    pages: /node/55
    negate: false
    context_mapping: {  }
